
Microsoft Visual Studio Solution File, Format Version 12.00
# Visual Studio Version 17
VisualStudioVersion = 17.8.34330.188
MinimumVisualStudioVersion = 10.0.40219.1
Project("{FAE04EC0-301F-11D3-BF4B-00C04F79EFBC}") = "ConsoleGame", "ConsoleGame.csproj", "{88B7EF80-E50A-409A-B8E0-82F705B84ECF}"
EndProject
Global
	GlobalSection(SolutionConfigurationPlatforms) = preSolution
		Debug|Any CPU = Debug|Any CPU
		Release|Any CPU = Release|Any CPU
	EndGlobalSection
	GlobalSection(ProjectConfigurationPlatforms) = postSolution
		{88B7EF80-E50A-409A-B8E0-82F705B84ECF}.Debug|Any CPU.ActiveCfg = Debug|Any CPU
		{88B7EF80-E50A-409A-B8E0-82F705B84ECF}.Debug|Any CPU.Build.0 = Debug|Any CPU
		{88B7EF80-E50A-409A-B8E0-82F705B84ECF}.Release|Any CPU.ActiveCfg = Release|Any CPU
		{88B7EF80-E50A-409A-B8E0-82F705B84ECF}.Release|Any CPU.Build.0 = Release|Any CPU
	EndGlobalSection
	GlobalSection(SolutionProperties) = preSolution
		HideSolutionNode = FALSE
	EndGlobalSection
	GlobalSection(ExtensibilityGlobals) = postSolution
		SolutionGuid = {73A37716-B9EC-45B4-A2B9-FAFAF57B47B6}
	EndGlobalSection
EndGlobal
